// !$*UTF8*$!
{
	archiveVersion = 1;
	classes = {
	};
	objectVersion = 56;
	objects = {

/* Begin PBXBuildFile section */
		702597B72A02A24D00783EFE /* GoogleService-Info.plist in Resources */ = {isa = PBXBuildFile; fileRef = 702597B62A02A24D00783EFE /* GoogleService-Info.plist */; };
		702597BA2A02A29400783EFE /* FirebaseAuth in Frameworks */ = {isa = PBXBuildFile; productRef = 702597B92A02A29400783EFE /* FirebaseAuth */; };
		702597BD2A02A2C300783EFE /* AppDelegate.swift in Sources */ = {isa = PBXBuildFile; fileRef = 702597BC2A02A2C300783EFE /* AppDelegate.swift */; };
		702597C22A02A5DC00783EFE /* GoogleSignIn in Frameworks */ = {isa = PBXBuildFile; productRef = 702597C12A02A5DC00783EFE /* GoogleSignIn */; };
		702597C42A02A5DC00783EFE /* GoogleSignInSwift in Frameworks */ = {isa = PBXBuildFile; productRef = 702597C32A02A5DC00783EFE /* GoogleSignInSwift */; };
		702597C72A02A76200783EFE /* +View.swift in Sources */ = {isa = PBXBuildFile; fileRef = 702597C62A02A76200783EFE /* +View.swift */; };
		702597C92A02D58C00783EFE /* FirebaseAuth.swift in Sources */ = {isa = PBXBuildFile; fileRef = 702597C82A02D58C00783EFE /* FirebaseAuth.swift */; };
		702597CB2A02DE4300783EFE /* User.swift in Sources */ = {isa = PBXBuildFile; fileRef = 702597CA2A02DE4300783EFE /* User.swift */; };
		702597DE2A04863D00783EFE /* DetailedBookView.swift in Sources */ = {isa = PBXBuildFile; fileRef = 702597DD2A04863D00783EFE /* DetailedBookView.swift */; };
		70B8DA0129F715EE00F37B25 /* OpenAISwift in Frameworks */ = {isa = PBXBuildFile; productRef = 70B8DA0029F715EE00F37B25 /* OpenAISwift */; };
		70B8DA0329F71BEC00F37B25 /* ChatgptView.swift in Sources */ = {isa = PBXBuildFile; fileRef = 70B8DA0229F71BEC00F37B25 /* ChatgptView.swift */; };
		8D848CB229FA5A3A00D3B878 /* ExistingProfileView.swift in Sources */ = {isa = PBXBuildFile; fileRef = 8D848CB129FA5A3A00D3B878 /* ExistingProfileView.swift */; };
		8D848CB629FBB7D600D3B878 /* UploadStoryView.swift in Sources */ = {isa = PBXBuildFile; fileRef = 8D848CB529FBB7D600D3B878 /* UploadStoryView.swift */; };
		8D848CB829FC1E1000D3B878 /* Breed.swift in Sources */ = {isa = PBXBuildFile; fileRef = 8D848CB729FC1E1000D3B878 /* Breed.swift */; };
		8D848CBC29FC216300D3B878 /* BreedFetcher.swift in Sources */ = {isa = PBXBuildFile; fileRef = 8D848CBB29FC216300D3B878 /* BreedFetcher.swift */; };
		8D848CBE29FC230500D3B878 /* LoadingView.swift in Sources */ = {isa = PBXBuildFile; fileRef = 8D848CBD29FC230500D3B878 /* LoadingView.swift */; };
		8D848CC029FC231000D3B878 /* ErrorView.swift in Sources */ = {isa = PBXBuildFile; fileRef = 8D848CBF29FC231000D3B878 /* ErrorView.swift */; };
		8D848CC229FC23F000D3B878 /* TestNetworkView.swift in Sources */ = {isa = PBXBuildFile; fileRef = 8D848CC129FC23F000D3B878 /* TestNetworkView.swift */; };
		8D848CC629FC285000D3B878 /* APIerror.swift in Sources */ = {isa = PBXBuildFile; fileRef = 8D848CC529FC285000D3B878 /* APIerror.swift */; };
		8D848CCC29FD3F3D00D3B878 /* BreedImage.swift in Sources */ = {isa = PBXBuildFile; fileRef = 8D848CCB29FD3F3D00D3B878 /* BreedImage.swift */; };
		8D848CCE29FD408300D3B878 /* BreedListView.swift in Sources */ = {isa = PBXBuildFile; fileRef = 8D848CCD29FD408300D3B878 /* BreedListView.swift */; };
		8D848CD029FD467900D3B878 /* APIService.swift in Sources */ = {isa = PBXBuildFile; fileRef = 8D848CCF29FD467900D3B878 /* APIService.swift */; };
		8D848CD329FD521900D3B878 /* BreedRow.swift in Sources */ = {isa = PBXBuildFile; fileRef = 8D848CD229FD521900D3B878 /* BreedRow.swift */; };
		8D848CD529FD525100D3B878 /* BreedDetailView.swift in Sources */ = {isa = PBXBuildFile; fileRef = 8D848CD429FD525100D3B878 /* BreedDetailView.swift */; };
		8DA88D0B29F8EB5E0018F601 /* DiscoverView.swift in Sources */ = {isa = PBXBuildFile; fileRef = 8DA88D0A29F8EB5E0018F601 /* DiscoverView.swift */; };
		8DA88D0D29F8EF4A0018F601 /* ContentView.swift in Sources */ = {isa = PBXBuildFile; fileRef = 8DA88D0C29F8EF4A0018F601 /* ContentView.swift */; };
		8DA88D0F29F8F5D20018F601 /* OnboardingView.swift in Sources */ = {isa = PBXBuildFile; fileRef = 8DA88D0E29F8F5D20018F601 /* OnboardingView.swift */; };
		8DA88D1129F8F6000018F601 /* SignupView.swift in Sources */ = {isa = PBXBuildFile; fileRef = 8DA88D1029F8F6000018F601 /* SignupView.swift */; };
		8DA88D1329F8F6190018F601 /* LoginView.swift in Sources */ = {isa = PBXBuildFile; fileRef = 8DA88D1229F8F6190018F601 /* LoginView.swift */; };
		8DA88D1529F8F6390018F601 /* MovingBubblesView.swift in Sources */ = {isa = PBXBuildFile; fileRef = 8DA88D1429F8F6390018F601 /* MovingBubblesView.swift */; };
		8DA88D1729F9AA820018F601 /* CreateProfileView.swift in Sources */ = {isa = PBXBuildFile; fileRef = 8DA88D1629F9AA820018F601 /* CreateProfileView.swift */; };
		8DA88D1929F9AAB20018F601 /* ImagePicker.swift in Sources */ = {isa = PBXBuildFile; fileRef = 8DA88D1829F9AAB20018F601 /* ImagePicker.swift */; };
		8DC322922A05725400703641 /* SharedData.swift in Sources */ = {isa = PBXBuildFile; fileRef = 8DC322912A05725400703641 /* SharedData.swift */; };
		8DC322942A05DE3800703641 /* BookImage.swift in Sources */ = {isa = PBXBuildFile; fileRef = 8DC322932A05DE3800703641 /* BookImage.swift */; };
		8DC3229A2A05E33200703641 /* BookFetcher.swift in Sources */ = {isa = PBXBuildFile; fileRef = 8DC322992A05E33200703641 /* BookFetcher.swift */; };
		8DC3229C2A05E3C800703641 /* BookAPIService.swift in Sources */ = {isa = PBXBuildFile; fileRef = 8DC3229B2A05E3C800703641 /* BookAPIService.swift */; };
		8DC3229E2A05E45B00703641 /* BookRow.swift in Sources */ = {isa = PBXBuildFile; fileRef = 8DC3229D2A05E45B00703641 /* BookRow.swift */; };
		8DC322A02A05E71700703641 /* BookListView.swift in Sources */ = {isa = PBXBuildFile; fileRef = 8DC3229F2A05E71700703641 /* BookListView.swift */; };
		8DC322A22A05E7CA00703641 /* BookNetworkingView.swift in Sources */ = {isa = PBXBuildFile; fileRef = 8DC322A12A05E7CA00703641 /* BookNetworkingView.swift */; };
		8DC322A42A05E81800703641 /* BookErrorView.swift in Sources */ = {isa = PBXBuildFile; fileRef = 8DC322A32A05E81800703641 /* BookErrorView.swift */; };
		8DC322A62A05EBFF00703641 /* APIServiceProtocol.swift in Sources */ = {isa = PBXBuildFile; fileRef = 8DC322A52A05EBFF00703641 /* APIServiceProtocol.swift */; };
		8DF97B9229F8EB08005AE953 /* Config.swift in Sources */ = {isa = PBXBuildFile; fileRef = 8DF97B9129F8EB08005AE953 /* Config.swift */; };
		8DFAAC612A051B0300FF0B0F /* ChatTableView.swift in Sources */ = {isa = PBXBuildFile; fileRef = 8DFAAC602A051B0300FF0B0F /* ChatTableView.swift */; };
		8DFAAC632A051B2200FF0B0F /* ChatRow.swift in Sources */ = {isa = PBXBuildFile; fileRef = 8DFAAC622A051B2200FF0B0F /* ChatRow.swift */; };
		8DFAAC652A051D5B00FF0B0F /* ChatModel.swift in Sources */ = {isa = PBXBuildFile; fileRef = 8DFAAC642A051D5B00FF0B0F /* ChatModel.swift */; };
		8DFAAC672A0528C500FF0B0F /* DateHelper.swift in Sources */ = {isa = PBXBuildFile; fileRef = 8DFAAC662A0528C500FF0B0F /* DateHelper.swift */; };
		8DFAAC692A052BA400FF0B0F /* ChatsViewModel.swift in Sources */ = {isa = PBXBuildFile; fileRef = 8DFAAC682A052BA400FF0B0F /* ChatsViewModel.swift */; };
		8DFAAC6F2A052F1800FF0B0F /* ChatView.swift in Sources */ = {isa = PBXBuildFile; fileRef = 8DFAAC6E2A052F1800FF0B0F /* ChatView.swift */; };
		C459F6AC29F8C11B00C24536 /* HomeView.swift in Sources */ = {isa = PBXBuildFile; fileRef = C459F6AB29F8C11B00C24536 /* HomeView.swift */; };
		C4D99E4729F605D700FEFF0B /* handbook_iOSApp.swift in Sources */ = {isa = PBXBuildFile; fileRef = C4D99E4629F605D700FEFF0B /* handbook_iOSApp.swift */; };
		C4D99E4B29F605D800FEFF0B /* Assets.xcassets in Resources */ = {isa = PBXBuildFile; fileRef = C4D99E4A29F605D800FEFF0B /* Assets.xcassets */; };
		C4D99E4E29F605D800FEFF0B /* Preview Assets.xcassets in Resources */ = {isa = PBXBuildFile; fileRef = C4D99E4D29F605D800FEFF0B /* Preview Assets.xcassets */; };
		C4F46B262A04B09E00A7B1BE /* DetailedMusicView.swift in Sources */ = {isa = PBXBuildFile; fileRef = C4F46B252A04B09E00A7B1BE /* DetailedMusicView.swift */; };
		C4F46B282A04B70800A7B1BE /* Book.swift in Sources */ = {isa = PBXBuildFile; fileRef = C4F46B272A04B70800A7B1BE /* Book.swift */; };
/* End PBXBuildFile section */

/* Begin PBXFileReference section */
		702597B62A02A24D00783EFE /* GoogleService-Info.plist */ = {isa = PBXFileReference; fileEncoding = 4; lastKnownFileType = text.plist.xml; path = "GoogleService-Info.plist"; sourceTree = "<group>"; };
		702597BC2A02A2C300783EFE /* AppDelegate.swift */ = {isa = PBXFileReference; lastKnownFileType = sourcecode.swift; path = AppDelegate.swift; sourceTree = "<group>"; };
		702597C52A02A61000783EFE /* Info.plist */ = {isa = PBXFileReference; lastKnownFileType = text.plist; path = Info.plist; sourceTree = "<group>"; };
		702597C62A02A76200783EFE /* +View.swift */ = {isa = PBXFileReference; lastKnownFileType = sourcecode.swift; path = "+View.swift"; sourceTree = "<group>"; };
		702597C82A02D58C00783EFE /* FirebaseAuth.swift */ = {isa = PBXFileReference; lastKnownFileType = sourcecode.swift; path = FirebaseAuth.swift; sourceTree = "<group>"; };
		702597CA2A02DE4300783EFE /* User.swift */ = {isa = PBXFileReference; lastKnownFileType = sourcecode.swift; path = User.swift; sourceTree = "<group>"; };
		702597DD2A04863D00783EFE /* DetailedBookView.swift */ = {isa = PBXFileReference; lastKnownFileType = sourcecode.swift; path = DetailedBookView.swift; sourceTree = "<group>"; };
		70B8DA0229F71BEC00F37B25 /* ChatgptView.swift */ = {isa = PBXFileReference; lastKnownFileType = sourcecode.swift; path = ChatgptView.swift; sourceTree = "<group>"; };
		8D848CB129FA5A3A00D3B878 /* ExistingProfileView.swift */ = {isa = PBXFileReference; lastKnownFileType = sourcecode.swift; path = ExistingProfileView.swift; sourceTree = "<group>"; };
		8D848CB529FBB7D600D3B878 /* UploadStoryView.swift */ = {isa = PBXFileReference; lastKnownFileType = sourcecode.swift; path = UploadStoryView.swift; sourceTree = "<group>"; };
		8D848CB729FC1E1000D3B878 /* Breed.swift */ = {isa = PBXFileReference; lastKnownFileType = sourcecode.swift; path = Breed.swift; sourceTree = "<group>"; };
		8D848CBB29FC216300D3B878 /* BreedFetcher.swift */ = {isa = PBXFileReference; lastKnownFileType = sourcecode.swift; path = BreedFetcher.swift; sourceTree = "<group>"; };
		8D848CBD29FC230500D3B878 /* LoadingView.swift */ = {isa = PBXFileReference; lastKnownFileType = sourcecode.swift; path = LoadingView.swift; sourceTree = "<group>"; };
		8D848CBF29FC231000D3B878 /* ErrorView.swift */ = {isa = PBXFileReference; lastKnownFileType = sourcecode.swift; path = ErrorView.swift; sourceTree = "<group>"; };
		8D848CC129FC23F000D3B878 /* TestNetworkView.swift */ = {isa = PBXFileReference; lastKnownFileType = sourcecode.swift; path = TestNetworkView.swift; sourceTree = "<group>"; };
		8D848CC529FC285000D3B878 /* APIerror.swift */ = {isa = PBXFileReference; lastKnownFileType = sourcecode.swift; path = APIerror.swift; sourceTree = "<group>"; };
		8D848CCB29FD3F3D00D3B878 /* BreedImage.swift */ = {isa = PBXFileReference; lastKnownFileType = sourcecode.swift; path = BreedImage.swift; sourceTree = "<group>"; };
		8D848CCD29FD408300D3B878 /* BreedListView.swift */ = {isa = PBXFileReference; lastKnownFileType = sourcecode.swift; path = BreedListView.swift; sourceTree = "<group>"; };
		8D848CCF29FD467900D3B878 /* APIService.swift */ = {isa = PBXFileReference; lastKnownFileType = sourcecode.swift; path = APIService.swift; sourceTree = "<group>"; };
		8D848CD229FD521900D3B878 /* BreedRow.swift */ = {isa = PBXFileReference; lastKnownFileType = sourcecode.swift; path = BreedRow.swift; sourceTree = "<group>"; };
		8D848CD429FD525100D3B878 /* BreedDetailView.swift */ = {isa = PBXFileReference; lastKnownFileType = sourcecode.swift; path = BreedDetailView.swift; sourceTree = "<group>"; };
		8DA88D0A29F8EB5E0018F601 /* DiscoverView.swift */ = {isa = PBXFileReference; lastKnownFileType = sourcecode.swift; path = DiscoverView.swift; sourceTree = "<group>"; };
		8DA88D0C29F8EF4A0018F601 /* ContentView.swift */ = {isa = PBXFileReference; lastKnownFileType = sourcecode.swift; path = ContentView.swift; sourceTree = "<group>"; };
		8DA88D0E29F8F5D20018F601 /* OnboardingView.swift */ = {isa = PBXFileReference; lastKnownFileType = sourcecode.swift; path = OnboardingView.swift; sourceTree = "<group>"; };
		8DA88D1029F8F6000018F601 /* SignupView.swift */ = {isa = PBXFileReference; lastKnownFileType = sourcecode.swift; path = SignupView.swift; sourceTree = "<group>"; };
		8DA88D1229F8F6190018F601 /* LoginView.swift */ = {isa = PBXFileReference; lastKnownFileType = sourcecode.swift; path = LoginView.swift; sourceTree = "<group>"; };
		8DA88D1429F8F6390018F601 /* MovingBubblesView.swift */ = {isa = PBXFileReference; lastKnownFileType = sourcecode.swift; path = MovingBubblesView.swift; sourceTree = "<group>"; };
		8DA88D1629F9AA820018F601 /* CreateProfileView.swift */ = {isa = PBXFileReference; lastKnownFileType = sourcecode.swift; path = CreateProfileView.swift; sourceTree = "<group>"; };
		8DA88D1829F9AAB20018F601 /* ImagePicker.swift */ = {isa = PBXFileReference; lastKnownFileType = sourcecode.swift; path = ImagePicker.swift; sourceTree = "<group>"; };
		8DC322912A05725400703641 /* SharedData.swift */ = {isa = PBXFileReference; lastKnownFileType = sourcecode.swift; path = SharedData.swift; sourceTree = "<group>"; };
		8DC322932A05DE3800703641 /* BookImage.swift */ = {isa = PBXFileReference; lastKnownFileType = sourcecode.swift; path = BookImage.swift; sourceTree = "<group>"; };
		8DC322992A05E33200703641 /* BookFetcher.swift */ = {isa = PBXFileReference; lastKnownFileType = sourcecode.swift; path = BookFetcher.swift; sourceTree = "<group>"; };
		8DC3229B2A05E3C800703641 /* BookAPIService.swift */ = {isa = PBXFileReference; lastKnownFileType = sourcecode.swift; path = BookAPIService.swift; sourceTree = "<group>"; };
		8DC3229D2A05E45B00703641 /* BookRow.swift */ = {isa = PBXFileReference; lastKnownFileType = sourcecode.swift; path = BookRow.swift; sourceTree = "<group>"; };
		8DC3229F2A05E71700703641 /* BookListView.swift */ = {isa = PBXFileReference; lastKnownFileType = sourcecode.swift; path = BookListView.swift; sourceTree = "<group>"; };
		8DC322A12A05E7CA00703641 /* BookNetworkingView.swift */ = {isa = PBXFileReference; lastKnownFileType = sourcecode.swift; path = BookNetworkingView.swift; sourceTree = "<group>"; };
		8DC322A32A05E81800703641 /* BookErrorView.swift */ = {isa = PBXFileReference; lastKnownFileType = sourcecode.swift; path = BookErrorView.swift; sourceTree = "<group>"; };
		8DC322A52A05EBFF00703641 /* APIServiceProtocol.swift */ = {isa = PBXFileReference; lastKnownFileType = sourcecode.swift; path = APIServiceProtocol.swift; sourceTree = "<group>"; };
		8DF97B9129F8EB08005AE953 /* Config.swift */ = {isa = PBXFileReference; lastKnownFileType = sourcecode.swift; path = Config.swift; sourceTree = "<group>"; };
		8DFAAC602A051B0300FF0B0F /* ChatTableView.swift */ = {isa = PBXFileReference; lastKnownFileType = sourcecode.swift; path = ChatTableView.swift; sourceTree = "<group>"; };
		8DFAAC622A051B2200FF0B0F /* ChatRow.swift */ = {isa = PBXFileReference; lastKnownFileType = sourcecode.swift; path = ChatRow.swift; sourceTree = "<group>"; };
		8DFAAC642A051D5B00FF0B0F /* ChatModel.swift */ = {isa = PBXFileReference; lastKnownFileType = sourcecode.swift; path = ChatModel.swift; sourceTree = "<group>"; };
		8DFAAC662A0528C500FF0B0F /* DateHelper.swift */ = {isa = PBXFileReference; lastKnownFileType = sourcecode.swift; path = DateHelper.swift; sourceTree = "<group>"; };
		8DFAAC682A052BA400FF0B0F /* ChatsViewModel.swift */ = {isa = PBXFileReference; lastKnownFileType = sourcecode.swift; path = ChatsViewModel.swift; sourceTree = "<group>"; };
		8DFAAC6E2A052F1800FF0B0F /* ChatView.swift */ = {isa = PBXFileReference; lastKnownFileType = sourcecode.swift; path = ChatView.swift; sourceTree = "<group>"; };
		C459F6A729F7716500C24536 /* Config.swift */ = {isa = PBXFileReference; fileEncoding = 4; lastKnownFileType = sourcecode.swift; name = Config.swift; path = ../../../../../../Downloads/Config.swift; sourceTree = "<group>"; };
		C459F6AB29F8C11B00C24536 /* HomeView.swift */ = {isa = PBXFileReference; fileEncoding = 4; lastKnownFileType = sourcecode.swift; path = HomeView.swift; sourceTree = "<group>"; };
		C4D99E4329F605D700FEFF0B /* handbook-iOS.app */ = {isa = PBXFileReference; explicitFileType = wrapper.application; includeInIndex = 0; path = "handbook-iOS.app"; sourceTree = BUILT_PRODUCTS_DIR; };
		C4D99E4629F605D700FEFF0B /* handbook_iOSApp.swift */ = {isa = PBXFileReference; lastKnownFileType = sourcecode.swift; path = handbook_iOSApp.swift; sourceTree = "<group>"; };
		C4D99E4A29F605D800FEFF0B /* Assets.xcassets */ = {isa = PBXFileReference; lastKnownFileType = folder.assetcatalog; path = Assets.xcassets; sourceTree = "<group>"; };
		C4D99E4D29F605D800FEFF0B /* Preview Assets.xcassets */ = {isa = PBXFileReference; lastKnownFileType = folder.assetcatalog; path = "Preview Assets.xcassets"; sourceTree = "<group>"; };
		C4F46B252A04B09E00A7B1BE /* DetailedMusicView.swift */ = {isa = PBXFileReference; lastKnownFileType = sourcecode.swift; path = DetailedMusicView.swift; sourceTree = "<group>"; };
		C4F46B272A04B70800A7B1BE /* Book.swift */ = {isa = PBXFileReference; lastKnownFileType = sourcecode.swift; path = Book.swift; sourceTree = "<group>"; };
/* End PBXFileReference section */

/* Begin PBXFrameworksBuildPhase section */
		C4D99E4029F605D700FEFF0B /* Frameworks */ = {
			isa = PBXFrameworksBuildPhase;
			buildActionMask = 2147483647;
			files = (
				70B8DA0129F715EE00F37B25 /* OpenAISwift in Frameworks */,
				702597BA2A02A29400783EFE /* FirebaseAuth in Frameworks */,
				702597C22A02A5DC00783EFE /* GoogleSignIn in Frameworks */,
				702597C42A02A5DC00783EFE /* GoogleSignInSwift in Frameworks */,
			);
			runOnlyForDeploymentPostprocessing = 0;
		};
/* End PBXFrameworksBuildPhase section */

/* Begin PBXGroup section */
		702597BB2A02A2B100783EFE /* Helper */ = {
			isa = PBXGroup;
			children = (
				702597BC2A02A2C300783EFE /* AppDelegate.swift */,
				702597C62A02A76200783EFE /* +View.swift */,
				702597C82A02D58C00783EFE /* FirebaseAuth.swift */,
			);
			path = Helper;
			sourceTree = "<group>";
		};
		8D848CB929FC211F00D3B878 /* Model */ = {
			isa = PBXGroup;
			children = (
				8D848CB729FC1E1000D3B878 /* Breed.swift */,
				8D848CCB29FD3F3D00D3B878 /* BreedImage.swift */,
			);
			path = Model;
			sourceTree = "<group>";
		};
		8D848CBA29FC213F00D3B878 /* NetWork */ = {
			isa = PBXGroup;
			children = (
				8D848CBB29FC216300D3B878 /* BreedFetcher.swift */,
				8D848CC529FC285000D3B878 /* APIerror.swift */,
				8D848CCF29FD467900D3B878 /* APIService.swift */,
			);
			path = NetWork;
			sourceTree = "<group>";
		};
		8D848CD129FD4EBB00D3B878 /* view */ = {
			isa = PBXGroup;
			children = (
				8D848CCD29FD408300D3B878 /* BreedListView.swift */,
				8D848CC129FC23F000D3B878 /* TestNetworkView.swift */,
				8D848CBF29FC231000D3B878 /* ErrorView.swift */,
				8D848CBD29FC230500D3B878 /* LoadingView.swift */,
				8D848CD229FD521900D3B878 /* BreedRow.swift */,
				8D848CD429FD525100D3B878 /* BreedDetailView.swift */,
			);
			path = view;
			sourceTree = "<group>";
		};
		8DC322952A05E2A800703641 /* DBFetch */ = {
			isa = PBXGroup;
			children = (
				8DC322982A05E32300703641 /* Networking */,
				8DC322972A05E2EA00703641 /* View */,
				8DC322962A05E2C600703641 /* Model */,
			);
			path = DBFetch;
			sourceTree = "<group>";
		};
		8DC322962A05E2C600703641 /* Model */ = {
			isa = PBXGroup;
			children = (
				C4F46B272A04B70800A7B1BE /* Book.swift */,
				8DC322932A05DE3800703641 /* BookImage.swift */,
			);
			path = Model;
			sourceTree = "<group>";
		};
		8DC322972A05E2EA00703641 /* View */ = {
			isa = PBXGroup;
			children = (
				8DC3229D2A05E45B00703641 /* BookRow.swift */,
				8DC3229F2A05E71700703641 /* BookListView.swift */,
				8DC322A12A05E7CA00703641 /* BookNetworkingView.swift */,
				8DC322A32A05E81800703641 /* BookErrorView.swift */,
			);
			path = View;
			sourceTree = "<group>";
		};
		8DC322982A05E32300703641 /* Networking */ = {
			isa = PBXGroup;
			children = (
				8DC322992A05E33200703641 /* BookFetcher.swift */,
				8DC3229B2A05E3C800703641 /* BookAPIService.swift */,
				8DC322A52A05EBFF00703641 /* APIServiceProtocol.swift */,
			);
			path = Networking;
			sourceTree = "<group>";
		};
		8DFAAC5F2A051AEF00FF0B0F /* Chat */ = {
			isa = PBXGroup;
			children = (
				8DFAAC602A051B0300FF0B0F /* ChatTableView.swift */,
				8DFAAC622A051B2200FF0B0F /* ChatRow.swift */,
				8DFAAC642A051D5B00FF0B0F /* ChatModel.swift */,
				8DFAAC662A0528C500FF0B0F /* DateHelper.swift */,
				8DFAAC682A052BA400FF0B0F /* ChatsViewModel.swift */,
				8DFAAC6E2A052F1800FF0B0F /* ChatView.swift */,
				8DC322912A05725400703641 /* SharedData.swift */,
			);
			path = Chat;
			sourceTree = "<group>";
		};
		C4D99E3A29F605D700FEFF0B = {
			isa = PBXGroup;
			children = (
				C4D99E4529F605D700FEFF0B /* handbook-iOS */,
				C4D99E4429F605D700FEFF0B /* Products */,
			);
			sourceTree = "<group>";
		};
		C4D99E4429F605D700FEFF0B /* Products */ = {
			isa = PBXGroup;
			children = (
				C4D99E4329F605D700FEFF0B /* handbook-iOS.app */,
			);
			name = Products;
			sourceTree = "<group>";
		};
		C4D99E4529F605D700FEFF0B /* handbook-iOS */ = {
			isa = PBXGroup;
			children = (
				8DC322952A05E2A800703641 /* DBFetch */,
				8DFAAC5F2A051AEF00FF0B0F /* Chat */,
				702597C52A02A61000783EFE /* Info.plist */,
				702597BB2A02A2B100783EFE /* Helper */,
				702597B62A02A24D00783EFE /* GoogleService-Info.plist */,
				C4D99E4629F605D700FEFF0B /* handbook_iOSApp.swift */,
				8DA88D0E29F8F5D20018F601 /* OnboardingView.swift */,
				8DA88D1029F8F6000018F601 /* SignupView.swift */,
				8DA88D1229F8F6190018F601 /* LoginView.swift */,
				8DA88D0C29F8EF4A0018F601 /* ContentView.swift */,
				C459F6AB29F8C11B00C24536 /* HomeView.swift */,
				8DA88D0A29F8EB5E0018F601 /* DiscoverView.swift */,
				70B8DA0229F71BEC00F37B25 /* ChatgptView.swift */,
				8DA88D1629F9AA820018F601 /* CreateProfileView.swift */,
				8D848CB129FA5A3A00D3B878 /* ExistingProfileView.swift */,
				8D848CB529FBB7D600D3B878 /* UploadStoryView.swift */,
				C4D99E4A29F605D800FEFF0B /* Assets.xcassets */,
				C4D99E4C29F605D800FEFF0B /* Preview Content */,
				8DF97B9129F8EB08005AE953 /* Config.swift */,
				8DA88D1429F8F6390018F601 /* MovingBubblesView.swift */,
				702597CA2A02DE4300783EFE /* User.swift */,
				8DA88D1829F9AAB20018F601 /* ImagePicker.swift */,
				8D848CBA29FC213F00D3B878 /* NetWork */,
				8D848CB929FC211F00D3B878 /* Model */,
				8D848CD129FD4EBB00D3B878 /* view */,
				702597DD2A04863D00783EFE /* DetailedBookView.swift */,
				C4F46B252A04B09E00A7B1BE /* DetailedMusicView.swift */,
			);
			path = "handbook-iOS";
			sourceTree = "<group>";
		};
		C4D99E4C29F605D800FEFF0B /* Preview Content */ = {
			isa = PBXGroup;
			children = (
				C459F6A729F7716500C24536 /* Config.swift */,
				C4D99E4D29F605D800FEFF0B /* Preview Assets.xcassets */,
			);
			path = "Preview Content";
			sourceTree = "<group>";
		};
/* End PBXGroup section */

/* Begin PBXNativeTarget section */
		C4D99E4229F605D700FEFF0B /* handbook-iOS */ = {
			isa = PBXNativeTarget;
			buildConfigurationList = C4D99E5129F605D800FEFF0B /* Build configuration list for PBXNativeTarget "handbook-iOS" */;
			buildPhases = (
				C4D99E3F29F605D700FEFF0B /* Sources */,
				C4D99E4029F605D700FEFF0B /* Frameworks */,
				C4D99E4129F605D700FEFF0B /* Resources */,
			);
			buildRules = (
			);
			dependencies = (
			);
			name = "handbook-iOS";
			packageProductDependencies = (
				70B8DA0029F715EE00F37B25 /* OpenAISwift */,
				702597B92A02A29400783EFE /* FirebaseAuth */,
				702597C12A02A5DC00783EFE /* GoogleSignIn */,
				702597C32A02A5DC00783EFE /* GoogleSignInSwift */,
			);
			productName = "handbook-iOS";
			productReference = C4D99E4329F605D700FEFF0B /* handbook-iOS.app */;
			productType = "com.apple.product-type.application";
		};
/* End PBXNativeTarget section */

/* Begin PBXProject section */
		C4D99E3B29F605D700FEFF0B /* Project object */ = {
			isa = PBXProject;
			attributes = {
				BuildIndependentTargetsInParallel = 1;
				LastSwiftUpdateCheck = 1430;
				LastUpgradeCheck = 1430;
				TargetAttributes = {
					C4D99E4229F605D700FEFF0B = {
						CreatedOnToolsVersion = 14.3;
					};
				};
			};
			buildConfigurationList = C4D99E3E29F605D700FEFF0B /* Build configuration list for PBXProject "handbook-iOS" */;
			compatibilityVersion = "Xcode 14.0";
			developmentRegion = en;
			hasScannedForEncodings = 0;
			knownRegions = (
				en,
				Base,
			);
			mainGroup = C4D99E3A29F605D700FEFF0B;
			packageReferences = (
				70B8D9FF29F715EE00F37B25 /* XCRemoteSwiftPackageReference "OpenAISwift" */,
				702597B82A02A29400783EFE /* XCRemoteSwiftPackageReference "firebase-ios-sdk" */,
				702597C02A02A5DC00783EFE /* XCRemoteSwiftPackageReference "GoogleSignIn-iOS" */,
			);
			productRefGroup = C4D99E4429F605D700FEFF0B /* Products */;
			projectDirPath = "";
			projectRoot = "";
			targets = (
				C4D99E4229F605D700FEFF0B /* handbook-iOS */,
			);
		};
/* End PBXProject section */

/* Begin PBXResourcesBuildPhase section */
		C4D99E4129F605D700FEFF0B /* Resources */ = {
			isa = PBXResourcesBuildPhase;
			buildActionMask = 2147483647;
			files = (
				C4D99E4E29F605D800FEFF0B /* Preview Assets.xcassets in Resources */,
				C4D99E4B29F605D800FEFF0B /* Assets.xcassets in Resources */,
				702597B72A02A24D00783EFE /* GoogleService-Info.plist in Resources */,
			);
			runOnlyForDeploymentPostprocessing = 0;
		};
/* End PBXResourcesBuildPhase section */

/* Begin PBXSourcesBuildPhase section */
		C4D99E3F29F605D700FEFF0B /* Sources */ = {
			isa = PBXSourcesBuildPhase;
			buildActionMask = 2147483647;
			files = (
				702597BD2A02A2C300783EFE /* AppDelegate.swift in Sources */,
				702597DE2A04863D00783EFE /* DetailedBookView.swift in Sources */,
				C459F6AC29F8C11B00C24536 /* HomeView.swift in Sources */,
				70B8DA0329F71BEC00F37B25 /* ChatgptView.swift in Sources */,
				8DA88D1729F9AA820018F601 /* CreateProfileView.swift in Sources */,
				8DA88D0D29F8EF4A0018F601 /* ContentView.swift in Sources */,
				8DFAAC6F2A052F1800FF0B0F /* ChatView.swift in Sources */,
				8D848CC229FC23F000D3B878 /* TestNetworkView.swift in Sources */,
				8D848CBE29FC230500D3B878 /* LoadingView.swift in Sources */,
				8D848CCC29FD3F3D00D3B878 /* BreedImage.swift in Sources */,
				8DA88D1329F8F6190018F601 /* LoginView.swift in Sources */,
				702597C72A02A76200783EFE /* +View.swift in Sources */,
				8DC322922A05725400703641 /* SharedData.swift in Sources */,
				702597CB2A02DE4300783EFE /* User.swift in Sources */,
				8DC322A22A05E7CA00703641 /* BookNetworkingView.swift in Sources */,
				702597C92A02D58C00783EFE /* FirebaseAuth.swift in Sources */,
				C4D99E4729F605D700FEFF0B /* handbook_iOSApp.swift in Sources */,
				8D848CC029FC231000D3B878 /* ErrorView.swift in Sources */,
				8D848CC629FC285000D3B878 /* APIerror.swift in Sources */,
				C4F46B282A04B70800A7B1BE /* Book.swift in Sources */,
				8DC322A02A05E71700703641 /* BookListView.swift in Sources */,
				8D848CD329FD521900D3B878 /* BreedRow.swift in Sources */,
				8DA88D1129F8F6000018F601 /* SignupView.swift in Sources */,
				8D848CCE29FD408300D3B878 /* BreedListView.swift in Sources */,
				8DC3229C2A05E3C800703641 /* BookAPIService.swift in Sources */,
				8DF97B9229F8EB08005AE953 /* Config.swift in Sources */,
				8DA88D0B29F8EB5E0018F601 /* DiscoverView.swift in Sources */,
				8D848CBC29FC216300D3B878 /* BreedFetcher.swift in Sources */,
				8DFAAC652A051D5B00FF0B0F /* ChatModel.swift in Sources */,
				8DC3229A2A05E33200703641 /* BookFetcher.swift in Sources */,
				C4F46B262A04B09E00A7B1BE /* DetailedMusicView.swift in Sources */,
				8DC322A62A05EBFF00703641 /* APIServiceProtocol.swift in Sources */,
				8DA88D1929F9AAB20018F601 /* ImagePicker.swift in Sources */,
				8D848CB229FA5A3A00D3B878 /* ExistingProfileView.swift in Sources */,
				8DC3229E2A05E45B00703641 /* BookRow.swift in Sources */,
				8DFAAC612A051B0300FF0B0F /* ChatTableView.swift in Sources */,
				8D848CD029FD467900D3B878 /* APIService.swift in Sources */,
				8D848CB829FC1E1000D3B878 /* Breed.swift in Sources */,
				8DC322942A05DE3800703641 /* BookImage.swift in Sources */,
				8D848CB629FBB7D600D3B878 /* UploadStoryView.swift in Sources */,
				8DFAAC692A052BA400FF0B0F /* ChatsViewModel.swift in Sources */,
				8D848CD529FD525100D3B878 /* BreedDetailView.swift in Sources */,
				8DA88D1529F8F6390018F601 /* MovingBubblesView.swift in Sources */,
				8DC322A42A05E81800703641 /* BookErrorView.swift in Sources */,
				8DFAAC672A0528C500FF0B0F /* DateHelper.swift in Sources */,
				8DFAAC632A051B2200FF0B0F /* ChatRow.swift in Sources */,
				8DA88D0F29F8F5D20018F601 /* OnboardingView.swift in Sources */,
			);
			runOnlyForDeploymentPostprocessing = 0;
		};
/* End PBXSourcesBuildPhase section */

/* Begin XCBuildConfiguration section */
		C4D99E4F29F605D800FEFF0B /* Debug */ = {
			isa = XCBuildConfiguration;
			buildSettings = {
				ALWAYS_SEARCH_USER_PATHS = NO;
				CLANG_ANALYZER_NONNULL = YES;
				CLANG_ANALYZER_NUMBER_OBJECT_CONVERSION = YES_AGGRESSIVE;
				CLANG_CXX_LANGUAGE_STANDARD = "gnu++20";
				CLANG_ENABLE_MODULES = YES;
				CLANG_ENABLE_OBJC_ARC = YES;
				CLANG_ENABLE_OBJC_WEAK = YES;
				CLANG_WARN_BLOCK_CAPTURE_AUTORELEASING = YES;
				CLANG_WARN_BOOL_CONVERSION = YES;
				CLANG_WARN_COMMA = YES;
				CLANG_WARN_CONSTANT_CONVERSION = YES;
				CLANG_WARN_DEPRECATED_OBJC_IMPLEMENTATIONS = YES;
				CLANG_WARN_DIRECT_OBJC_ISA_USAGE = YES_ERROR;
				CLANG_WARN_DOCUMENTATION_COMMENTS = YES;
				CLANG_WARN_EMPTY_BODY = YES;
				CLANG_WARN_ENUM_CONVERSION = YES;
				CLANG_WARN_INFINITE_RECURSION = YES;
				CLANG_WARN_INT_CONVERSION = YES;
				CLANG_WARN_NON_LITERAL_NULL_CONVERSION = YES;
				CLANG_WARN_OBJC_IMPLICIT_RETAIN_SELF = YES;
				CLANG_WARN_OBJC_LITERAL_CONVERSION = YES;
				CLANG_WARN_OBJC_ROOT_CLASS = YES_ERROR;
				CLANG_WARN_QUOTED_INCLUDE_IN_FRAMEWORK_HEADER = YES;
				CLANG_WARN_RANGE_LOOP_ANALYSIS = YES;
				CLANG_WARN_STRICT_PROTOTYPES = YES;
				CLANG_WARN_SUSPICIOUS_MOVE = YES;
				CLANG_WARN_UNGUARDED_AVAILABILITY = YES_AGGRESSIVE;
				CLANG_WARN_UNREACHABLE_CODE = YES;
				CLANG_WARN__DUPLICATE_METHOD_MATCH = YES;
				COPY_PHASE_STRIP = NO;
				DEBUG_INFORMATION_FORMAT = dwarf;
				ENABLE_STRICT_OBJC_MSGSEND = YES;
				ENABLE_TESTABILITY = YES;
				GCC_C_LANGUAGE_STANDARD = gnu11;
				GCC_DYNAMIC_NO_PIC = NO;
				GCC_NO_COMMON_BLOCKS = YES;
				GCC_OPTIMIZATION_LEVEL = 0;
				GCC_PREPROCESSOR_DEFINITIONS = (
					"DEBUG=1",
					"$(inherited)",
				);
				GCC_WARN_64_TO_32_BIT_CONVERSION = YES;
				GCC_WARN_ABOUT_RETURN_TYPE = YES_ERROR;
				GCC_WARN_UNDECLARED_SELECTOR = YES;
				GCC_WARN_UNINITIALIZED_AUTOS = YES_AGGRESSIVE;
				GCC_WARN_UNUSED_FUNCTION = YES;
				GCC_WARN_UNUSED_VARIABLE = YES;
				IPHONEOS_DEPLOYMENT_TARGET = 16.4;
				MTL_ENABLE_DEBUG_INFO = INCLUDE_SOURCE;
				MTL_FAST_MATH = YES;
				ONLY_ACTIVE_ARCH = YES;
				SDKROOT = iphoneos;
				SWIFT_ACTIVE_COMPILATION_CONDITIONS = DEBUG;
				SWIFT_OPTIMIZATION_LEVEL = "-Onone";
			};
			name = Debug;
		};
		C4D99E5029F605D800FEFF0B /* Release */ = {
			isa = XCBuildConfiguration;
			buildSettings = {
				ALWAYS_SEARCH_USER_PATHS = NO;
				CLANG_ANALYZER_NONNULL = YES;
				CLANG_ANALYZER_NUMBER_OBJECT_CONVERSION = YES_AGGRESSIVE;
				CLANG_CXX_LANGUAGE_STANDARD = "gnu++20";
				CLANG_ENABLE_MODULES = YES;
				CLANG_ENABLE_OBJC_ARC = YES;
				CLANG_ENABLE_OBJC_WEAK = YES;
				CLANG_WARN_BLOCK_CAPTURE_AUTORELEASING = YES;
				CLANG_WARN_BOOL_CONVERSION = YES;
				CLANG_WARN_COMMA = YES;
				CLANG_WARN_CONSTANT_CONVERSION = YES;
				CLANG_WARN_DEPRECATED_OBJC_IMPLEMENTATIONS = YES;
				CLANG_WARN_DIRECT_OBJC_ISA_USAGE = YES_ERROR;
				CLANG_WARN_DOCUMENTATION_COMMENTS = YES;
				CLANG_WARN_EMPTY_BODY = YES;
				CLANG_WARN_ENUM_CONVERSION = YES;
				CLANG_WARN_INFINITE_RECURSION = YES;
				CLANG_WARN_INT_CONVERSION = YES;
				CLANG_WARN_NON_LITERAL_NULL_CONVERSION = YES;
				CLANG_WARN_OBJC_IMPLICIT_RETAIN_SELF = YES;
				CLANG_WARN_OBJC_LITERAL_CONVERSION = YES;
				CLANG_WARN_OBJC_ROOT_CLASS = YES_ERROR;
				CLANG_WARN_QUOTED_INCLUDE_IN_FRAMEWORK_HEADER = YES;
				CLANG_WARN_RANGE_LOOP_ANALYSIS = YES;
				CLANG_WARN_STRICT_PROTOTYPES = YES;
				CLANG_WARN_SUSPICIOUS_MOVE = YES;
				CLANG_WARN_UNGUARDED_AVAILABILITY = YES_AGGRESSIVE;
				CLANG_WARN_UNREACHABLE_CODE = YES;
				CLANG_WARN__DUPLICATE_METHOD_MATCH = YES;
				COPY_PHASE_STRIP = NO;
				DEBUG_INFORMATION_FORMAT = "dwarf-with-dsym";
				ENABLE_NS_ASSERTIONS = NO;
				ENABLE_STRICT_OBJC_MSGSEND = YES;
				GCC_C_LANGUAGE_STANDARD = gnu11;
				GCC_NO_COMMON_BLOCKS = YES;
				GCC_WARN_64_TO_32_BIT_CONVERSION = YES;
				GCC_WARN_ABOUT_RETURN_TYPE = YES_ERROR;
				GCC_WARN_UNDECLARED_SELECTOR = YES;
				GCC_WARN_UNINITIALIZED_AUTOS = YES_AGGRESSIVE;
				GCC_WARN_UNUSED_FUNCTION = YES;
				GCC_WARN_UNUSED_VARIABLE = YES;
				IPHONEOS_DEPLOYMENT_TARGET = 16.4;
				MTL_ENABLE_DEBUG_INFO = NO;
				MTL_FAST_MATH = YES;
				SDKROOT = iphoneos;
				SWIFT_COMPILATION_MODE = wholemodule;
				SWIFT_OPTIMIZATION_LEVEL = "-O";
				VALIDATE_PRODUCT = YES;
			};
			name = Release;
		};
		C4D99E5229F605D800FEFF0B /* Debug */ = {
			isa = XCBuildConfiguration;
			buildSettings = {
				ASSETCATALOG_COMPILER_APPICON_NAME = AppIcon;
				ASSETCATALOG_COMPILER_GLOBAL_ACCENT_COLOR_NAME = AccentColor;
				CODE_SIGN_STYLE = Automatic;
				CURRENT_PROJECT_VERSION = 1;
				DEVELOPMENT_ASSET_PATHS = "\"handbook-iOS/Preview Content\"";
				ENABLE_PREVIEWS = YES;
				GENERATE_INFOPLIST_FILE = YES;
				INFOPLIST_FILE = "handbook-iOS/Info.plist";
				INFOPLIST_KEY_UIApplicationSceneManifest_Generation = YES;
				INFOPLIST_KEY_UIApplicationSupportsIndirectInputEvents = YES;
				INFOPLIST_KEY_UILaunchScreen_Generation = YES;
				INFOPLIST_KEY_UISupportedInterfaceOrientations_iPad = "UIInterfaceOrientationPortrait UIInterfaceOrientationPortraitUpsideDown UIInterfaceOrientationLandscapeLeft UIInterfaceOrientationLandscapeRight";
				INFOPLIST_KEY_UISupportedInterfaceOrientations_iPhone = "UIInterfaceOrientationPortrait UIInterfaceOrientationLandscapeLeft UIInterfaceOrientationLandscapeRight";
				LD_RUNPATH_SEARCH_PATHS = (
					"$(inherited)",
					"@executable_path/Frameworks",
				);
				MARKETING_VERSION = 1.0;
				PRODUCT_BUNDLE_IDENTIFIER = "CornellAppDevSP23.handbook-iOS";
				PRODUCT_NAME = "$(TARGET_NAME)";
				SWIFT_EMIT_LOC_STRINGS = YES;
				SWIFT_VERSION = 5.0;
				TARGETED_DEVICE_FAMILY = "1,2";
			};
			name = Debug;
		};
		C4D99E5329F605D800FEFF0B /* Release */ = {
			isa = XCBuildConfiguration;
			buildSettings = {
				ASSETCATALOG_COMPILER_APPICON_NAME = AppIcon;
				ASSETCATALOG_COMPILER_GLOBAL_ACCENT_COLOR_NAME = AccentColor;
				CODE_SIGN_STYLE = Automatic;
				CURRENT_PROJECT_VERSION = 1;
				DEVELOPMENT_ASSET_PATHS = "\"handbook-iOS/Preview Content\"";
				ENABLE_PREVIEWS = YES;
				GENERATE_INFOPLIST_FILE = YES;
				INFOPLIST_FILE = "handbook-iOS/Info.plist";
				INFOPLIST_KEY_UIApplicationSceneManifest_Generation = YES;
				INFOPLIST_KEY_UIApplicationSupportsIndirectInputEvents = YES;
				INFOPLIST_KEY_UILaunchScreen_Generation = YES;
				INFOPLIST_KEY_UISupportedInterfaceOrientations_iPad = "UIInterfaceOrientationPortrait UIInterfaceOrientationPortraitUpsideDown UIInterfaceOrientationLandscapeLeft UIInterfaceOrientationLandscapeRight";
				INFOPLIST_KEY_UISupportedInterfaceOrientations_iPhone = "UIInterfaceOrientationPortrait UIInterfaceOrientationLandscapeLeft UIInterfaceOrientationLandscapeRight";
				LD_RUNPATH_SEARCH_PATHS = (
					"$(inherited)",
					"@executable_path/Frameworks",
				);
				MARKETING_VERSION = 1.0;
				PRODUCT_BUNDLE_IDENTIFIER = "CornellAppDevSP23.handbook-iOS";
				PRODUCT_NAME = "$(TARGET_NAME)";
				SWIFT_EMIT_LOC_STRINGS = YES;
				SWIFT_VERSION = 5.0;
				TARGETED_DEVICE_FAMILY = "1,2";
			};
			name = Release;
		};
/* End XCBuildConfiguration section */

/* Begin XCConfigurationList section */
		C4D99E3E29F605D700FEFF0B /* Build configuration list for PBXProject "handbook-iOS" */ = {
			isa = XCConfigurationList;
			buildConfigurations = (
				C4D99E4F29F605D800FEFF0B /* Debug */,
				C4D99E5029F605D800FEFF0B /* Release */,
			);
			defaultConfigurationIsVisible = 0;
			defaultConfigurationName = Release;
		};
		C4D99E5129F605D800FEFF0B /* Build configuration list for PBXNativeTarget "handbook-iOS" */ = {
			isa = XCConfigurationList;
			buildConfigurations = (
				C4D99E5229F605D800FEFF0B /* Debug */,
				C4D99E5329F605D800FEFF0B /* Release */,
			);
			defaultConfigurationIsVisible = 0;
			defaultConfigurationName = Release;
		};
/* End XCConfigurationList section */

/* Begin XCRemoteSwiftPackageReference section */
		702597B82A02A29400783EFE /* XCRemoteSwiftPackageReference "firebase-ios-sdk" */ = {
			isa = XCRemoteSwiftPackageReference;
			repositoryURL = "https://github.com/firebase/firebase-ios-sdk";
			requirement = {
				kind = upToNextMajorVersion;
				minimumVersion = 10.0.0;
			};
		};
		702597C02A02A5DC00783EFE /* XCRemoteSwiftPackageReference "GoogleSignIn-iOS" */ = {
			isa = XCRemoteSwiftPackageReference;
			repositoryURL = "https://github.com/google/GoogleSignIn-iOS";
			requirement = {
				kind = upToNextMajorVersion;
				minimumVersion = 7.0.0;
			};
		};
		70B8D9FF29F715EE00F37B25 /* XCRemoteSwiftPackageReference "OpenAISwift" */ = {
			isa = XCRemoteSwiftPackageReference;
			repositoryURL = "https://github.com/adamrushy/OpenAISwift.git";
			requirement = {
				kind = upToNextMajorVersion;
				minimumVersion = 1.0.0;
			};
		};
/* End XCRemoteSwiftPackageReference section */

/* Begin XCSwiftPackageProductDependency section */
		702597B92A02A29400783EFE /* FirebaseAuth */ = {
			isa = XCSwiftPackageProductDependency;
			package = 702597B82A02A29400783EFE /* XCRemoteSwiftPackageReference "firebase-ios-sdk" */;
			productName = FirebaseAuth;
		};
		702597C12A02A5DC00783EFE /* GoogleSignIn */ = {
			isa = XCSwiftPackageProductDependency;
			package = 702597C02A02A5DC00783EFE /* XCRemoteSwiftPackageReference "GoogleSignIn-iOS" */;
			productName = GoogleSignIn;
		};
		702597C32A02A5DC00783EFE /* GoogleSignInSwift */ = {
			isa = XCSwiftPackageProductDependency;
			package = 702597C02A02A5DC00783EFE /* XCRemoteSwiftPackageReference "GoogleSignIn-iOS" */;
			productName = GoogleSignInSwift;
		};
		70B8DA0029F715EE00F37B25 /* OpenAISwift */ = {
			isa = XCSwiftPackageProductDependency;
			package = 70B8D9FF29F715EE00F37B25 /* XCRemoteSwiftPackageReference "OpenAISwift" */;
			productName = OpenAISwift;
		};
/* End XCSwiftPackageProductDependency section */
	};
	rootObject = C4D99E3B29F605D700FEFF0B /* Project object */;
}
